
Microsoft Visual Studio Solution File, Format Version 12.00
# Visual Studio Version 16
VisualStudioVersion = 16.0.29920.165
MinimumVisualStudioVersion = 10.0.40219.1
Project("{FAE04EC0-301F-11D3-BF4B-00C04F79EFBC}") = "Entidades", "Entidades\Entidades.csproj", "{B365A96D-40A1-4068-86F4-FEBCBDE7C04D}"
EndProject
Project("{FAE04EC0-301F-11D3-BF4B-00C04F79EFBC}") = "Test", "Test\Test.csproj", "{B6CC8FA1-D295-44A5-AB6D-0B2897A5CBE9}"
EndProject
Global
	GlobalSection(SolutionConfigurationPlatforms) = preSolution
		Debug|Any CPU = Debug|Any CPU
		Release|Any CPU = Release|Any CPU
	EndGlobalSection
	GlobalSection(ProjectConfigurationPlatforms) = postSolution
		{B365A96D-40A1-4068-86F4-FEBCBDE7C04D}.Debug|Any CPU.ActiveCfg = Debug|Any CPU
		{B365A96D-40A1-4068-86F4-FEBCBDE7C04D}.Debug|Any CPU.Build.0 = Debug|Any CPU
		{B365A96D-40A1-4068-86F4-FEBCBDE7C04D}.Release|Any CPU.ActiveCfg = Release|Any CPU
		{B365A96D-40A1-4068-86F4-FEBCBDE7C04D}.Release|Any CPU.Build.0 = Release|Any CPU
		{B6CC8FA1-D295-44A5-AB6D-0B2897A5CBE9}.Debug|Any CPU.ActiveCfg = Debug|Any CPU
		{B6CC8FA1-D295-44A5-AB6D-0B2897A5CBE9}.Debug|Any CPU.Build.0 = Debug|Any CPU
		{B6CC8FA1-D295-44A5-AB6D-0B2897A5CBE9}.Release|Any CPU.ActiveCfg = Release|Any CPU
		{B6CC8FA1-D295-44A5-AB6D-0B2897A5CBE9}.Release|Any CPU.Build.0 = Release|Any CPU
	EndGlobalSection
	GlobalSection(SolutionProperties) = preSolution
		HideSolutionNode = FALSE
	EndGlobalSection
	GlobalSection(ExtensibilityGlobals) = postSolution
		SolutionGuid = {3ED4758F-D78E-48A9-A040-A21E7CC2BEE4}
	EndGlobalSection
EndGlobal
