
Microsoft Visual Studio Solution File, Format Version 12.00
# Visual Studio Version 16
VisualStudioVersion = 16.0.29920.165
MinimumVisualStudioVersion = 10.0.40219.1
Project("{FAE04EC0-301F-11D3-BF4B-00C04F79EFBC}") = "Entidades", "Entidades\Entidades.csproj", "{1869D0FD-7F29-43AE-B315-6604F6AC5AFC}"
EndProject
Project("{FAE04EC0-301F-11D3-BF4B-00C04F79EFBC}") = "Test", "Test\Test.csproj", "{5405D5EB-6DAA-4CA8-8271-13BC29B2675F}"
EndProject
Global
	GlobalSection(SolutionConfigurationPlatforms) = preSolution
		Debug|Any CPU = Debug|Any CPU
		Release|Any CPU = Release|Any CPU
	EndGlobalSection
	GlobalSection(ProjectConfigurationPlatforms) = postSolution
		{1869D0FD-7F29-43AE-B315-6604F6AC5AFC}.Debug|Any CPU.ActiveCfg = Debug|Any CPU
		{1869D0FD-7F29-43AE-B315-6604F6AC5AFC}.Debug|Any CPU.Build.0 = Debug|Any CPU
		{1869D0FD-7F29-43AE-B315-6604F6AC5AFC}.Release|Any CPU.ActiveCfg = Release|Any CPU
		{1869D0FD-7F29-43AE-B315-6604F6AC5AFC}.Release|Any CPU.Build.0 = Release|Any CPU
		{5405D5EB-6DAA-4CA8-8271-13BC29B2675F}.Debug|Any CPU.ActiveCfg = Debug|Any CPU
		{5405D5EB-6DAA-4CA8-8271-13BC29B2675F}.Debug|Any CPU.Build.0 = Debug|Any CPU
		{5405D5EB-6DAA-4CA8-8271-13BC29B2675F}.Release|Any CPU.ActiveCfg = Release|Any CPU
		{5405D5EB-6DAA-4CA8-8271-13BC29B2675F}.Release|Any CPU.Build.0 = Release|Any CPU
	EndGlobalSection
	GlobalSection(SolutionProperties) = preSolution
		HideSolutionNode = FALSE
	EndGlobalSection
	GlobalSection(ExtensibilityGlobals) = postSolution
		SolutionGuid = {A1E8DDF8-36B0-4B32-9854-81CC4ED5CB08}
	EndGlobalSection
EndGlobal
