
Microsoft Visual Studio Solution File, Format Version 12.00
# Visual Studio Version 16
VisualStudioVersion = 16.0.29920.165
MinimumVisualStudioVersion = 10.0.40219.1
Project("{FAE04EC0-301F-11D3-BF4B-00C04F79EFBC}") = "Entidades", "Entidades\Entidades.csproj", "{83CB2195-4A04-4380-80E8-4A3249AC6F00}"
EndProject
Project("{FAE04EC0-301F-11D3-BF4B-00C04F79EFBC}") = "Test", "Test\Test.csproj", "{7DBB14E2-CCF7-4C6B-9FD7-A65279BCDE09}"
EndProject
Global
	GlobalSection(SolutionConfigurationPlatforms) = preSolution
		Debug|Any CPU = Debug|Any CPU
		Release|Any CPU = Release|Any CPU
	EndGlobalSection
	GlobalSection(ProjectConfigurationPlatforms) = postSolution
		{83CB2195-4A04-4380-80E8-4A3249AC6F00}.Debug|Any CPU.ActiveCfg = Debug|Any CPU
		{83CB2195-4A04-4380-80E8-4A3249AC6F00}.Debug|Any CPU.Build.0 = Debug|Any CPU
		{83CB2195-4A04-4380-80E8-4A3249AC6F00}.Release|Any CPU.ActiveCfg = Release|Any CPU
		{83CB2195-4A04-4380-80E8-4A3249AC6F00}.Release|Any CPU.Build.0 = Release|Any CPU
		{7DBB14E2-CCF7-4C6B-9FD7-A65279BCDE09}.Debug|Any CPU.ActiveCfg = Debug|Any CPU
		{7DBB14E2-CCF7-4C6B-9FD7-A65279BCDE09}.Debug|Any CPU.Build.0 = Debug|Any CPU
		{7DBB14E2-CCF7-4C6B-9FD7-A65279BCDE09}.Release|Any CPU.ActiveCfg = Release|Any CPU
		{7DBB14E2-CCF7-4C6B-9FD7-A65279BCDE09}.Release|Any CPU.Build.0 = Release|Any CPU
	EndGlobalSection
	GlobalSection(SolutionProperties) = preSolution
		HideSolutionNode = FALSE
	EndGlobalSection
	GlobalSection(ExtensibilityGlobals) = postSolution
		SolutionGuid = {D7B64B68-FD0D-4481-9007-2E726C940017}
	EndGlobalSection
EndGlobal
