
Microsoft Visual Studio Solution File, Format Version 12.00
# Visual Studio Version 16
VisualStudioVersion = 16.0.29920.165
MinimumVisualStudioVersion = 10.0.40219.1
Project("{FAE04EC0-301F-11D3-BF4B-00C04F79EFBC}") = "Entidades", "Entidades\Entidades.csproj", "{1E951B91-794A-4A54-A861-6B10D24019C3}"
EndProject
Project("{FAE04EC0-301F-11D3-BF4B-00C04F79EFBC}") = "Test", "Test\Test.csproj", "{4223C713-E21B-4481-8DCF-FE29952F4FD6}"
EndProject
Global
	GlobalSection(SolutionConfigurationPlatforms) = preSolution
		Debug|Any CPU = Debug|Any CPU
		Release|Any CPU = Release|Any CPU
	EndGlobalSection
	GlobalSection(ProjectConfigurationPlatforms) = postSolution
		{1E951B91-794A-4A54-A861-6B10D24019C3}.Debug|Any CPU.ActiveCfg = Debug|Any CPU
		{1E951B91-794A-4A54-A861-6B10D24019C3}.Debug|Any CPU.Build.0 = Debug|Any CPU
		{1E951B91-794A-4A54-A861-6B10D24019C3}.Release|Any CPU.ActiveCfg = Release|Any CPU
		{1E951B91-794A-4A54-A861-6B10D24019C3}.Release|Any CPU.Build.0 = Release|Any CPU
		{4223C713-E21B-4481-8DCF-FE29952F4FD6}.Debug|Any CPU.ActiveCfg = Debug|Any CPU
		{4223C713-E21B-4481-8DCF-FE29952F4FD6}.Debug|Any CPU.Build.0 = Debug|Any CPU
		{4223C713-E21B-4481-8DCF-FE29952F4FD6}.Release|Any CPU.ActiveCfg = Release|Any CPU
		{4223C713-E21B-4481-8DCF-FE29952F4FD6}.Release|Any CPU.Build.0 = Release|Any CPU
	EndGlobalSection
	GlobalSection(SolutionProperties) = preSolution
		HideSolutionNode = FALSE
	EndGlobalSection
	GlobalSection(ExtensibilityGlobals) = postSolution
		SolutionGuid = {8D9A5923-232D-4F37-88DB-4CF81E939C8D}
	EndGlobalSection
EndGlobal
