
Microsoft Visual Studio Solution File, Format Version 12.00
# Visual Studio Version 16
VisualStudioVersion = 16.0.29920.165
MinimumVisualStudioVersion = 10.0.40219.1
Project("{FAE04EC0-301F-11D3-BF4B-00C04F79EFBC}") = "NotePad", "NotePad\NotePad.csproj", "{58AD11FC-F9E6-4BDA-BBA9-B69975FD2276}"
EndProject
Global
	GlobalSection(SolutionConfigurationPlatforms) = preSolution
		Debug|Any CPU = Debug|Any CPU
		Release|Any CPU = Release|Any CPU
	EndGlobalSection
	GlobalSection(ProjectConfigurationPlatforms) = postSolution
		{58AD11FC-F9E6-4BDA-BBA9-B69975FD2276}.Debug|Any CPU.ActiveCfg = Debug|Any CPU
		{58AD11FC-F9E6-4BDA-BBA9-B69975FD2276}.Debug|Any CPU.Build.0 = Debug|Any CPU
		{58AD11FC-F9E6-4BDA-BBA9-B69975FD2276}.Release|Any CPU.ActiveCfg = Release|Any CPU
		{58AD11FC-F9E6-4BDA-BBA9-B69975FD2276}.Release|Any CPU.Build.0 = Release|Any CPU
	EndGlobalSection
	GlobalSection(SolutionProperties) = preSolution
		HideSolutionNode = FALSE
	EndGlobalSection
	GlobalSection(ExtensibilityGlobals) = postSolution
		SolutionGuid = {F18546DD-B3F1-4B1A-8C20-33E005D65BDE}
	EndGlobalSection
EndGlobal
