
Microsoft Visual Studio Solution File, Format Version 12.00
# Visual Studio Version 16
VisualStudioVersion = 16.0.29920.165
MinimumVisualStudioVersion = 10.0.40219.1
Project("{FAE04EC0-301F-11D3-BF4B-00C04F79EFBC}") = "Ejercicio_16", "Ejercicio_16\Ejercicio_16.csproj", "{AC4780A9-397D-49B9-B343-ED2E889BC428}"
EndProject
Global
	GlobalSection(SolutionConfigurationPlatforms) = preSolution
		Debug|Any CPU = Debug|Any CPU
		Release|Any CPU = Release|Any CPU
	EndGlobalSection
	GlobalSection(ProjectConfigurationPlatforms) = postSolution
		{AC4780A9-397D-49B9-B343-ED2E889BC428}.Debug|Any CPU.ActiveCfg = Debug|Any CPU
		{AC4780A9-397D-49B9-B343-ED2E889BC428}.Debug|Any CPU.Build.0 = Debug|Any CPU
		{AC4780A9-397D-49B9-B343-ED2E889BC428}.Release|Any CPU.ActiveCfg = Release|Any CPU
		{AC4780A9-397D-49B9-B343-ED2E889BC428}.Release|Any CPU.Build.0 = Release|Any CPU
	EndGlobalSection
	GlobalSection(SolutionProperties) = preSolution
		HideSolutionNode = FALSE
	EndGlobalSection
	GlobalSection(ExtensibilityGlobals) = postSolution
		SolutionGuid = {34C048BE-13A6-4E48-B167-F7FCC0C14908}
	EndGlobalSection
EndGlobal
