
Microsoft Visual Studio Solution File, Format Version 12.00
# Visual Studio Version 16
VisualStudioVersion = 16.0.29920.165
MinimumVisualStudioVersion = 10.0.40219.1
Project("{FAE04EC0-301F-11D3-BF4B-00C04F79EFBC}") = "ConversorTemperatura", "ConversorTemperatura\ConversorTemperatura.csproj", "{CA49F4AD-C0DC-4DAF-92CD-D94A6B610DD4}"
EndProject
Project("{FAE04EC0-301F-11D3-BF4B-00C04F79EFBC}") = "Temperatura", "..\..\..\..\Ejercicios C#\Ejercicio_21\Temperatura\Temperatura.csproj", "{AF4033E2-4BED-4D8C-8E63-E0884B2E9B3D}"
EndProject
Global
	GlobalSection(SolutionConfigurationPlatforms) = preSolution
		Debug|Any CPU = Debug|Any CPU
		Release|Any CPU = Release|Any CPU
	EndGlobalSection
	GlobalSection(ProjectConfigurationPlatforms) = postSolution
		{CA49F4AD-C0DC-4DAF-92CD-D94A6B610DD4}.Debug|Any CPU.ActiveCfg = Debug|Any CPU
		{CA49F4AD-C0DC-4DAF-92CD-D94A6B610DD4}.Debug|Any CPU.Build.0 = Debug|Any CPU
		{CA49F4AD-C0DC-4DAF-92CD-D94A6B610DD4}.Release|Any CPU.ActiveCfg = Release|Any CPU
		{CA49F4AD-C0DC-4DAF-92CD-D94A6B610DD4}.Release|Any CPU.Build.0 = Release|Any CPU
		{AF4033E2-4BED-4D8C-8E63-E0884B2E9B3D}.Debug|Any CPU.ActiveCfg = Debug|Any CPU
		{AF4033E2-4BED-4D8C-8E63-E0884B2E9B3D}.Debug|Any CPU.Build.0 = Debug|Any CPU
		{AF4033E2-4BED-4D8C-8E63-E0884B2E9B3D}.Release|Any CPU.ActiveCfg = Release|Any CPU
		{AF4033E2-4BED-4D8C-8E63-E0884B2E9B3D}.Release|Any CPU.Build.0 = Release|Any CPU
	EndGlobalSection
	GlobalSection(SolutionProperties) = preSolution
		HideSolutionNode = FALSE
	EndGlobalSection
	GlobalSection(ExtensibilityGlobals) = postSolution
		SolutionGuid = {5DA03B20-292A-43D9-BD64-66E10ACACFD0}
	EndGlobalSection
EndGlobal
