
Microsoft Visual Studio Solution File, Format Version 12.00
# Visual Studio Version 16
VisualStudioVersion = 16.0.29920.165
MinimumVisualStudioVersion = 10.0.40219.1
Project("{FAE04EC0-301F-11D3-BF4B-00C04F79EFBC}") = "Entidades", "Entidades\Entidades.csproj", "{A9E10D0A-6A9F-470E-BD1D-8BE816033437}"
EndProject
Project("{FAE04EC0-301F-11D3-BF4B-00C04F79EFBC}") = "Test", "Test\Test.csproj", "{22F3845B-E4CE-4C33-B71E-D5C3CFC11170}"
EndProject
Global
	GlobalSection(SolutionConfigurationPlatforms) = preSolution
		Debug|Any CPU = Debug|Any CPU
		Release|Any CPU = Release|Any CPU
	EndGlobalSection
	GlobalSection(ProjectConfigurationPlatforms) = postSolution
		{A9E10D0A-6A9F-470E-BD1D-8BE816033437}.Debug|Any CPU.ActiveCfg = Debug|Any CPU
		{A9E10D0A-6A9F-470E-BD1D-8BE816033437}.Debug|Any CPU.Build.0 = Debug|Any CPU
		{A9E10D0A-6A9F-470E-BD1D-8BE816033437}.Release|Any CPU.ActiveCfg = Release|Any CPU
		{A9E10D0A-6A9F-470E-BD1D-8BE816033437}.Release|Any CPU.Build.0 = Release|Any CPU
		{22F3845B-E4CE-4C33-B71E-D5C3CFC11170}.Debug|Any CPU.ActiveCfg = Debug|Any CPU
		{22F3845B-E4CE-4C33-B71E-D5C3CFC11170}.Debug|Any CPU.Build.0 = Debug|Any CPU
		{22F3845B-E4CE-4C33-B71E-D5C3CFC11170}.Release|Any CPU.ActiveCfg = Release|Any CPU
		{22F3845B-E4CE-4C33-B71E-D5C3CFC11170}.Release|Any CPU.Build.0 = Release|Any CPU
	EndGlobalSection
	GlobalSection(SolutionProperties) = preSolution
		HideSolutionNode = FALSE
	EndGlobalSection
	GlobalSection(ExtensibilityGlobals) = postSolution
		SolutionGuid = {FE00515C-80E6-4266-990D-878F412AB153}
	EndGlobalSection
EndGlobal
