
Microsoft Visual Studio Solution File, Format Version 12.00
# Visual Studio Version 16
VisualStudioVersion = 16.0.29920.165
MinimumVisualStudioVersion = 10.0.40219.1
Project("{FAE04EC0-301F-11D3-BF4B-00C04F79EFBC}") = "Entidades", "Entidades\Entidades.csproj", "{61236962-2AA8-4F0A-B1C1-A58A2CDAE575}"
EndProject
Project("{FAE04EC0-301F-11D3-BF4B-00C04F79EFBC}") = "CentralTelefonica", "CentralTelefonica\CentralTelefonica.csproj", "{3DBBF249-70D6-45FA-9A60-F86E60ABC56A}"
EndProject
Global
	GlobalSection(SolutionConfigurationPlatforms) = preSolution
		Debug|Any CPU = Debug|Any CPU
		Release|Any CPU = Release|Any CPU
	EndGlobalSection
	GlobalSection(ProjectConfigurationPlatforms) = postSolution
		{61236962-2AA8-4F0A-B1C1-A58A2CDAE575}.Debug|Any CPU.ActiveCfg = Debug|Any CPU
		{61236962-2AA8-4F0A-B1C1-A58A2CDAE575}.Debug|Any CPU.Build.0 = Debug|Any CPU
		{61236962-2AA8-4F0A-B1C1-A58A2CDAE575}.Release|Any CPU.ActiveCfg = Release|Any CPU
		{61236962-2AA8-4F0A-B1C1-A58A2CDAE575}.Release|Any CPU.Build.0 = Release|Any CPU
		{3DBBF249-70D6-45FA-9A60-F86E60ABC56A}.Debug|Any CPU.ActiveCfg = Debug|Any CPU
		{3DBBF249-70D6-45FA-9A60-F86E60ABC56A}.Debug|Any CPU.Build.0 = Debug|Any CPU
		{3DBBF249-70D6-45FA-9A60-F86E60ABC56A}.Release|Any CPU.ActiveCfg = Release|Any CPU
		{3DBBF249-70D6-45FA-9A60-F86E60ABC56A}.Release|Any CPU.Build.0 = Release|Any CPU
	EndGlobalSection
	GlobalSection(SolutionProperties) = preSolution
		HideSolutionNode = FALSE
	EndGlobalSection
	GlobalSection(ExtensibilityGlobals) = postSolution
		SolutionGuid = {13D9860C-6701-402A-9736-D74C2DCE53C3}
	EndGlobalSection
EndGlobal
