
Microsoft Visual Studio Solution File, Format Version 12.00
# Visual Studio Version 16
VisualStudioVersion = 16.0.29920.165
MinimumVisualStudioVersion = 10.0.40219.1
Project("{FAE04EC0-301F-11D3-BF4B-00C04F79EFBC}") = "Entidades", "Entidades\Entidades.csproj", "{577195B5-7781-45BE-A30F-C14A5C50EE10}"
EndProject
Project("{FAE04EC0-301F-11D3-BF4B-00C04F79EFBC}") = "Test", "Test\Test.csproj", "{1AEFA855-1564-4016-80AA-C97912D57754}"
EndProject
Global
	GlobalSection(SolutionConfigurationPlatforms) = preSolution
		Debug|Any CPU = Debug|Any CPU
		Release|Any CPU = Release|Any CPU
	EndGlobalSection
	GlobalSection(ProjectConfigurationPlatforms) = postSolution
		{577195B5-7781-45BE-A30F-C14A5C50EE10}.Debug|Any CPU.ActiveCfg = Debug|Any CPU
		{577195B5-7781-45BE-A30F-C14A5C50EE10}.Debug|Any CPU.Build.0 = Debug|Any CPU
		{577195B5-7781-45BE-A30F-C14A5C50EE10}.Release|Any CPU.ActiveCfg = Release|Any CPU
		{577195B5-7781-45BE-A30F-C14A5C50EE10}.Release|Any CPU.Build.0 = Release|Any CPU
		{1AEFA855-1564-4016-80AA-C97912D57754}.Debug|Any CPU.ActiveCfg = Debug|Any CPU
		{1AEFA855-1564-4016-80AA-C97912D57754}.Debug|Any CPU.Build.0 = Debug|Any CPU
		{1AEFA855-1564-4016-80AA-C97912D57754}.Release|Any CPU.ActiveCfg = Release|Any CPU
		{1AEFA855-1564-4016-80AA-C97912D57754}.Release|Any CPU.Build.0 = Release|Any CPU
	EndGlobalSection
	GlobalSection(SolutionProperties) = preSolution
		HideSolutionNode = FALSE
	EndGlobalSection
	GlobalSection(ExtensibilityGlobals) = postSolution
		SolutionGuid = {AC07A0D0-ED61-47BC-ABC0-5F76FD849F78}
	EndGlobalSection
EndGlobal
