
Microsoft Visual Studio Solution File, Format Version 12.00
# Visual Studio Version 16
VisualStudioVersion = 16.0.29920.165
MinimumVisualStudioVersion = 10.0.40219.1
Project("{FAE04EC0-301F-11D3-BF4B-00C04F79EFBC}") = "Entidades", "Entidades\Entidades.csproj", "{32408282-8807-4684-8D3B-BD85FD6F3D21}"
EndProject
Project("{FAE04EC0-301F-11D3-BF4B-00C04F79EFBC}") = "CentralTelefonica", "..\Ejercicio_40\CentralTelefonica\CentralTelefonica.csproj", "{3DBBF249-70D6-45FA-9A60-F86E60ABC56A}"
EndProject
Global
	GlobalSection(SolutionConfigurationPlatforms) = preSolution
		Debug|Any CPU = Debug|Any CPU
		Release|Any CPU = Release|Any CPU
	EndGlobalSection
	GlobalSection(ProjectConfigurationPlatforms) = postSolution
		{32408282-8807-4684-8D3B-BD85FD6F3D21}.Debug|Any CPU.ActiveCfg = Debug|Any CPU
		{32408282-8807-4684-8D3B-BD85FD6F3D21}.Debug|Any CPU.Build.0 = Debug|Any CPU
		{32408282-8807-4684-8D3B-BD85FD6F3D21}.Release|Any CPU.ActiveCfg = Release|Any CPU
		{32408282-8807-4684-8D3B-BD85FD6F3D21}.Release|Any CPU.Build.0 = Release|Any CPU
		{3DBBF249-70D6-45FA-9A60-F86E60ABC56A}.Debug|Any CPU.ActiveCfg = Debug|Any CPU
		{3DBBF249-70D6-45FA-9A60-F86E60ABC56A}.Debug|Any CPU.Build.0 = Debug|Any CPU
		{3DBBF249-70D6-45FA-9A60-F86E60ABC56A}.Release|Any CPU.ActiveCfg = Release|Any CPU
		{3DBBF249-70D6-45FA-9A60-F86E60ABC56A}.Release|Any CPU.Build.0 = Release|Any CPU
	EndGlobalSection
	GlobalSection(SolutionProperties) = preSolution
		HideSolutionNode = FALSE
	EndGlobalSection
	GlobalSection(ExtensibilityGlobals) = postSolution
		SolutionGuid = {7F31B46E-8B1F-41BD-8D82-2B9059F7540A}
	EndGlobalSection
EndGlobal
