
Microsoft Visual Studio Solution File, Format Version 12.00
# Visual Studio Version 16
VisualStudioVersion = 16.0.29920.165
MinimumVisualStudioVersion = 10.0.40219.1
Project("{FAE04EC0-301F-11D3-BF4B-00C04F79EFBC}") = "Entidades", "Entidades\Entidades.csproj", "{780643B7-ABE0-41B9-B1F1-2D8BC0335888}"
EndProject
Project("{FAE04EC0-301F-11D3-BF4B-00C04F79EFBC}") = "Test", "Test\Test.csproj", "{2FB6E66E-6693-44AC-B0D3-E3E7899A7CED}"
EndProject
Global
	GlobalSection(SolutionConfigurationPlatforms) = preSolution
		Debug|Any CPU = Debug|Any CPU
		Release|Any CPU = Release|Any CPU
	EndGlobalSection
	GlobalSection(ProjectConfigurationPlatforms) = postSolution
		{780643B7-ABE0-41B9-B1F1-2D8BC0335888}.Debug|Any CPU.ActiveCfg = Debug|Any CPU
		{780643B7-ABE0-41B9-B1F1-2D8BC0335888}.Debug|Any CPU.Build.0 = Debug|Any CPU
		{780643B7-ABE0-41B9-B1F1-2D8BC0335888}.Release|Any CPU.ActiveCfg = Release|Any CPU
		{780643B7-ABE0-41B9-B1F1-2D8BC0335888}.Release|Any CPU.Build.0 = Release|Any CPU
		{2FB6E66E-6693-44AC-B0D3-E3E7899A7CED}.Debug|Any CPU.ActiveCfg = Debug|Any CPU
		{2FB6E66E-6693-44AC-B0D3-E3E7899A7CED}.Debug|Any CPU.Build.0 = Debug|Any CPU
		{2FB6E66E-6693-44AC-B0D3-E3E7899A7CED}.Release|Any CPU.ActiveCfg = Release|Any CPU
		{2FB6E66E-6693-44AC-B0D3-E3E7899A7CED}.Release|Any CPU.Build.0 = Release|Any CPU
	EndGlobalSection
	GlobalSection(SolutionProperties) = preSolution
		HideSolutionNode = FALSE
	EndGlobalSection
	GlobalSection(ExtensibilityGlobals) = postSolution
		SolutionGuid = {32B3E635-F2F2-460F-B316-C411E702327A}
	EndGlobalSection
EndGlobal
