
Microsoft Visual Studio Solution File, Format Version 12.00
# Visual Studio Version 16
VisualStudioVersion = 16.0.29911.84
MinimumVisualStudioVersion = 10.0.40219.1
Project("{FAE04EC0-301F-11D3-BF4B-00C04F79EFBC}") = "Ejercicio_01", "Ejercicio_01\Ejercicio_01.csproj", "{C1458FAC-14ED-4706-A2F0-FD1BFCF1A295}"
EndProject
Global
	GlobalSection(SolutionConfigurationPlatforms) = preSolution
		Debug|Any CPU = Debug|Any CPU
		Release|Any CPU = Release|Any CPU
	EndGlobalSection
	GlobalSection(ProjectConfigurationPlatforms) = postSolution
		{C1458FAC-14ED-4706-A2F0-FD1BFCF1A295}.Debug|Any CPU.ActiveCfg = Debug|Any CPU
		{C1458FAC-14ED-4706-A2F0-FD1BFCF1A295}.Debug|Any CPU.Build.0 = Debug|Any CPU
		{C1458FAC-14ED-4706-A2F0-FD1BFCF1A295}.Release|Any CPU.ActiveCfg = Release|Any CPU
		{C1458FAC-14ED-4706-A2F0-FD1BFCF1A295}.Release|Any CPU.Build.0 = Release|Any CPU
	EndGlobalSection
	GlobalSection(SolutionProperties) = preSolution
		HideSolutionNode = FALSE
	EndGlobalSection
	GlobalSection(ExtensibilityGlobals) = postSolution
		SolutionGuid = {26994A4C-7AA8-45AB-950E-2803F9F2A409}
	EndGlobalSection
EndGlobal
