
Microsoft Visual Studio Solution File, Format Version 12.00
# Visual Studio Version 16
VisualStudioVersion = 16.0.29920.165
MinimumVisualStudioVersion = 10.0.40219.1
Project("{FAE04EC0-301F-11D3-BF4B-00C04F79EFBC}") = "Ejercicio_10", "Ejercicio_10\Ejercicio_10.csproj", "{17B008C7-B504-4371-BC65-EAF4109468A0}"
EndProject
Global
	GlobalSection(SolutionConfigurationPlatforms) = preSolution
		Debug|Any CPU = Debug|Any CPU
		Release|Any CPU = Release|Any CPU
	EndGlobalSection
	GlobalSection(ProjectConfigurationPlatforms) = postSolution
		{17B008C7-B504-4371-BC65-EAF4109468A0}.Debug|Any CPU.ActiveCfg = Debug|Any CPU
		{17B008C7-B504-4371-BC65-EAF4109468A0}.Debug|Any CPU.Build.0 = Debug|Any CPU
		{17B008C7-B504-4371-BC65-EAF4109468A0}.Release|Any CPU.ActiveCfg = Release|Any CPU
		{17B008C7-B504-4371-BC65-EAF4109468A0}.Release|Any CPU.Build.0 = Release|Any CPU
	EndGlobalSection
	GlobalSection(SolutionProperties) = preSolution
		HideSolutionNode = FALSE
	EndGlobalSection
	GlobalSection(ExtensibilityGlobals) = postSolution
		SolutionGuid = {A04AF75B-6AFC-4996-8900-16AF7DF3C73C}
	EndGlobalSection
EndGlobal
