
Microsoft Visual Studio Solution File, Format Version 12.00
# Visual Studio Version 16
VisualStudioVersion = 16.0.29920.165
MinimumVisualStudioVersion = 10.0.40219.1
Project("{FAE04EC0-301F-11D3-BF4B-00C04F79EFBC}") = "Entidades", "Entidades\Entidades.csproj", "{3D49E5DB-C3CD-4624-9C7F-0B27CD2F606E}"
EndProject
Project("{FAE04EC0-301F-11D3-BF4B-00C04F79EFBC}") = "Test", "Test\Test.csproj", "{D3160732-CEB1-41A3-914E-4BE5D70DCFFC}"
EndProject
Global
	GlobalSection(SolutionConfigurationPlatforms) = preSolution
		Debug|Any CPU = Debug|Any CPU
		Release|Any CPU = Release|Any CPU
	EndGlobalSection
	GlobalSection(ProjectConfigurationPlatforms) = postSolution
		{3D49E5DB-C3CD-4624-9C7F-0B27CD2F606E}.Debug|Any CPU.ActiveCfg = Debug|Any CPU
		{3D49E5DB-C3CD-4624-9C7F-0B27CD2F606E}.Debug|Any CPU.Build.0 = Debug|Any CPU
		{3D49E5DB-C3CD-4624-9C7F-0B27CD2F606E}.Release|Any CPU.ActiveCfg = Release|Any CPU
		{3D49E5DB-C3CD-4624-9C7F-0B27CD2F606E}.Release|Any CPU.Build.0 = Release|Any CPU
		{D3160732-CEB1-41A3-914E-4BE5D70DCFFC}.Debug|Any CPU.ActiveCfg = Debug|Any CPU
		{D3160732-CEB1-41A3-914E-4BE5D70DCFFC}.Debug|Any CPU.Build.0 = Debug|Any CPU
		{D3160732-CEB1-41A3-914E-4BE5D70DCFFC}.Release|Any CPU.ActiveCfg = Release|Any CPU
		{D3160732-CEB1-41A3-914E-4BE5D70DCFFC}.Release|Any CPU.Build.0 = Release|Any CPU
	EndGlobalSection
	GlobalSection(SolutionProperties) = preSolution
		HideSolutionNode = FALSE
	EndGlobalSection
	GlobalSection(ExtensibilityGlobals) = postSolution
		SolutionGuid = {41B7349E-BF29-48DA-A666-CD61129E4FD4}
	EndGlobalSection
EndGlobal
