
Microsoft Visual Studio Solution File, Format Version 12.00
# Visual Studio Version 16
VisualStudioVersion = 16.0.29920.165
MinimumVisualStudioVersion = 10.0.40219.1
Project("{FAE04EC0-301F-11D3-BF4B-00C04F79EFBC}") = "Ejercicio_13", "Ejercicio_13\Ejercicio_13.csproj", "{87CE9704-0DD0-4E95-B624-64E5961F9BFC}"
EndProject
Global
	GlobalSection(SolutionConfigurationPlatforms) = preSolution
		Debug|Any CPU = Debug|Any CPU
		Release|Any CPU = Release|Any CPU
	EndGlobalSection
	GlobalSection(ProjectConfigurationPlatforms) = postSolution
		{87CE9704-0DD0-4E95-B624-64E5961F9BFC}.Debug|Any CPU.ActiveCfg = Debug|Any CPU
		{87CE9704-0DD0-4E95-B624-64E5961F9BFC}.Debug|Any CPU.Build.0 = Debug|Any CPU
		{87CE9704-0DD0-4E95-B624-64E5961F9BFC}.Release|Any CPU.ActiveCfg = Release|Any CPU
		{87CE9704-0DD0-4E95-B624-64E5961F9BFC}.Release|Any CPU.Build.0 = Release|Any CPU
	EndGlobalSection
	GlobalSection(SolutionProperties) = preSolution
		HideSolutionNode = FALSE
	EndGlobalSection
	GlobalSection(ExtensibilityGlobals) = postSolution
		SolutionGuid = {7322E319-33E5-44E6-B8BC-A895168F32BB}
	EndGlobalSection
EndGlobal
