
Microsoft Visual Studio Solution File, Format Version 12.00
# Visual Studio Version 16
VisualStudioVersion = 16.0.29920.165
MinimumVisualStudioVersion = 10.0.40219.1
Project("{FAE04EC0-301F-11D3-BF4B-00C04F79EFBC}") = "PrimerEjdeSQL", "PrimerEjdeSQL\PrimerEjdeSQL.csproj", "{FCBF29F8-D51B-4791-BFB7-D6AA2D5FDD19}"
EndProject
Global
	GlobalSection(SolutionConfigurationPlatforms) = preSolution
		Debug|Any CPU = Debug|Any CPU
		Release|Any CPU = Release|Any CPU
	EndGlobalSection
	GlobalSection(ProjectConfigurationPlatforms) = postSolution
		{FCBF29F8-D51B-4791-BFB7-D6AA2D5FDD19}.Debug|Any CPU.ActiveCfg = Debug|Any CPU
		{FCBF29F8-D51B-4791-BFB7-D6AA2D5FDD19}.Debug|Any CPU.Build.0 = Debug|Any CPU
		{FCBF29F8-D51B-4791-BFB7-D6AA2D5FDD19}.Release|Any CPU.ActiveCfg = Release|Any CPU
		{FCBF29F8-D51B-4791-BFB7-D6AA2D5FDD19}.Release|Any CPU.Build.0 = Release|Any CPU
	EndGlobalSection
	GlobalSection(SolutionProperties) = preSolution
		HideSolutionNode = FALSE
	EndGlobalSection
	GlobalSection(ExtensibilityGlobals) = postSolution
		SolutionGuid = {2B4C28FB-85B7-42D0-9B79-92AB885E5822}
	EndGlobalSection
EndGlobal
