
Microsoft Visual Studio Solution File, Format Version 12.00
# Visual Studio Version 16
VisualStudioVersion = 16.0.29920.165
MinimumVisualStudioVersion = 10.0.40219.1
Project("{FAE04EC0-301F-11D3-BF4B-00C04F79EFBC}") = "WinFormEjercicio71", "..\Ejercicio_69\WinForm\WinFormEjercicio71.csproj", "{4C0CC6B8-45EB-4F9B-9790-0C328628E5A8}"
EndProject
Project("{FAE04EC0-301F-11D3-BF4B-00C04F79EFBC}") = "Entidades", "Entidades\Entidades.csproj", "{8FA8F5AF-F4BB-4BDF-B476-4C2EF5785756}"
EndProject
Global
	GlobalSection(SolutionConfigurationPlatforms) = preSolution
		Debug|Any CPU = Debug|Any CPU
		Release|Any CPU = Release|Any CPU
	EndGlobalSection
	GlobalSection(ProjectConfigurationPlatforms) = postSolution
		{4C0CC6B8-45EB-4F9B-9790-0C328628E5A8}.Debug|Any CPU.ActiveCfg = Debug|Any CPU
		{4C0CC6B8-45EB-4F9B-9790-0C328628E5A8}.Debug|Any CPU.Build.0 = Debug|Any CPU
		{4C0CC6B8-45EB-4F9B-9790-0C328628E5A8}.Release|Any CPU.ActiveCfg = Release|Any CPU
		{4C0CC6B8-45EB-4F9B-9790-0C328628E5A8}.Release|Any CPU.Build.0 = Release|Any CPU
		{8FA8F5AF-F4BB-4BDF-B476-4C2EF5785756}.Debug|Any CPU.ActiveCfg = Debug|Any CPU
		{8FA8F5AF-F4BB-4BDF-B476-4C2EF5785756}.Debug|Any CPU.Build.0 = Debug|Any CPU
		{8FA8F5AF-F4BB-4BDF-B476-4C2EF5785756}.Release|Any CPU.ActiveCfg = Release|Any CPU
		{8FA8F5AF-F4BB-4BDF-B476-4C2EF5785756}.Release|Any CPU.Build.0 = Release|Any CPU
	EndGlobalSection
	GlobalSection(SolutionProperties) = preSolution
		HideSolutionNode = FALSE
	EndGlobalSection
	GlobalSection(ExtensibilityGlobals) = postSolution
		SolutionGuid = {6CA954F5-D3F2-4ABB-A9B5-6A58C495C801}
	EndGlobalSection
EndGlobal
