
Microsoft Visual Studio Solution File, Format Version 12.00
# Visual Studio Version 16
VisualStudioVersion = 16.0.29920.165
MinimumVisualStudioVersion = 10.0.40219.1
Project("{FAE04EC0-301F-11D3-BF4B-00C04F79EFBC}") = "Entidades", "Ejercicio_44\Entidades.csproj", "{78D79F66-0FA2-4643-85CE-87D3A84C0314}"
EndProject
Project("{FAE04EC0-301F-11D3-BF4B-00C04F79EFBC}") = "CentralTelefonica", "..\Ejercicio_41\CentralTelefonica\CentralTelefonica.csproj", "{B9285F44-8519-41D4-A194-7D6CB47142CD}"
EndProject
Project("{FAE04EC0-301F-11D3-BF4B-00C04F79EFBC}") = "TestUnitario", "TestUnitario\TestUnitario.csproj", "{01C98DB9-85A1-4A5F-A7A4-3B03DBCA5604}"
EndProject
Global
	GlobalSection(SolutionConfigurationPlatforms) = preSolution
		Debug|Any CPU = Debug|Any CPU
		Release|Any CPU = Release|Any CPU
	EndGlobalSection
	GlobalSection(ProjectConfigurationPlatforms) = postSolution
		{78D79F66-0FA2-4643-85CE-87D3A84C0314}.Debug|Any CPU.ActiveCfg = Debug|Any CPU
		{78D79F66-0FA2-4643-85CE-87D3A84C0314}.Debug|Any CPU.Build.0 = Debug|Any CPU
		{78D79F66-0FA2-4643-85CE-87D3A84C0314}.Release|Any CPU.ActiveCfg = Release|Any CPU
		{78D79F66-0FA2-4643-85CE-87D3A84C0314}.Release|Any CPU.Build.0 = Release|Any CPU
		{B9285F44-8519-41D4-A194-7D6CB47142CD}.Debug|Any CPU.ActiveCfg = Debug|Any CPU
		{B9285F44-8519-41D4-A194-7D6CB47142CD}.Debug|Any CPU.Build.0 = Debug|Any CPU
		{B9285F44-8519-41D4-A194-7D6CB47142CD}.Release|Any CPU.ActiveCfg = Release|Any CPU
		{B9285F44-8519-41D4-A194-7D6CB47142CD}.Release|Any CPU.Build.0 = Release|Any CPU
		{01C98DB9-85A1-4A5F-A7A4-3B03DBCA5604}.Debug|Any CPU.ActiveCfg = Debug|Any CPU
		{01C98DB9-85A1-4A5F-A7A4-3B03DBCA5604}.Debug|Any CPU.Build.0 = Debug|Any CPU
		{01C98DB9-85A1-4A5F-A7A4-3B03DBCA5604}.Release|Any CPU.ActiveCfg = Release|Any CPU
		{01C98DB9-85A1-4A5F-A7A4-3B03DBCA5604}.Release|Any CPU.Build.0 = Release|Any CPU
	EndGlobalSection
	GlobalSection(SolutionProperties) = preSolution
		HideSolutionNode = FALSE
	EndGlobalSection
	GlobalSection(ExtensibilityGlobals) = postSolution
		SolutionGuid = {E8648E57-02E4-4A15-8CE0-4071905B9686}
	EndGlobalSection
EndGlobal
