
Microsoft Visual Studio Solution File, Format Version 12.00
# Visual Studio Version 16
VisualStudioVersion = 16.0.29920.165
MinimumVisualStudioVersion = 10.0.40219.1
Project("{FAE04EC0-301F-11D3-BF4B-00C04F79EFBC}") = "Ejercicio_14", "Ejercicio_14\Ejercicio_14.csproj", "{9DB585FC-8753-4482-B2AB-163E6363B02C}"
EndProject
Global
	GlobalSection(SolutionConfigurationPlatforms) = preSolution
		Debug|Any CPU = Debug|Any CPU
		Release|Any CPU = Release|Any CPU
	EndGlobalSection
	GlobalSection(ProjectConfigurationPlatforms) = postSolution
		{9DB585FC-8753-4482-B2AB-163E6363B02C}.Debug|Any CPU.ActiveCfg = Debug|Any CPU
		{9DB585FC-8753-4482-B2AB-163E6363B02C}.Debug|Any CPU.Build.0 = Debug|Any CPU
		{9DB585FC-8753-4482-B2AB-163E6363B02C}.Release|Any CPU.ActiveCfg = Release|Any CPU
		{9DB585FC-8753-4482-B2AB-163E6363B02C}.Release|Any CPU.Build.0 = Release|Any CPU
	EndGlobalSection
	GlobalSection(SolutionProperties) = preSolution
		HideSolutionNode = FALSE
	EndGlobalSection
	GlobalSection(ExtensibilityGlobals) = postSolution
		SolutionGuid = {93356766-36D2-4AFF-B045-D4810FABD144}
	EndGlobalSection
EndGlobal
