
Microsoft Visual Studio Solution File, Format Version 12.00
# Visual Studio Version 16
VisualStudioVersion = 16.0.29920.165
MinimumVisualStudioVersion = 10.0.40219.1
Project("{FAE04EC0-301F-11D3-BF4B-00C04F79EFBC}") = "ConversorMoneda", "ConversorMoneda\ConversorMoneda.csproj", "{BE3FF144-0009-4C6C-AE9A-1EA9EDA131C0}"
EndProject
Project("{FAE04EC0-301F-11D3-BF4B-00C04F79EFBC}") = "Billetes", "Billetes\Billetes.csproj", "{BBC8FC46-E9F2-45FF-8898-840F8FDBA38B}"
EndProject
Global
	GlobalSection(SolutionConfigurationPlatforms) = preSolution
		Debug|Any CPU = Debug|Any CPU
		Release|Any CPU = Release|Any CPU
	EndGlobalSection
	GlobalSection(ProjectConfigurationPlatforms) = postSolution
		{BE3FF144-0009-4C6C-AE9A-1EA9EDA131C0}.Debug|Any CPU.ActiveCfg = Debug|Any CPU
		{BE3FF144-0009-4C6C-AE9A-1EA9EDA131C0}.Debug|Any CPU.Build.0 = Debug|Any CPU
		{BE3FF144-0009-4C6C-AE9A-1EA9EDA131C0}.Release|Any CPU.ActiveCfg = Release|Any CPU
		{BE3FF144-0009-4C6C-AE9A-1EA9EDA131C0}.Release|Any CPU.Build.0 = Release|Any CPU
		{BBC8FC46-E9F2-45FF-8898-840F8FDBA38B}.Debug|Any CPU.ActiveCfg = Debug|Any CPU
		{BBC8FC46-E9F2-45FF-8898-840F8FDBA38B}.Debug|Any CPU.Build.0 = Debug|Any CPU
		{BBC8FC46-E9F2-45FF-8898-840F8FDBA38B}.Release|Any CPU.ActiveCfg = Release|Any CPU
		{BBC8FC46-E9F2-45FF-8898-840F8FDBA38B}.Release|Any CPU.Build.0 = Release|Any CPU
	EndGlobalSection
	GlobalSection(SolutionProperties) = preSolution
		HideSolutionNode = FALSE
	EndGlobalSection
	GlobalSection(ExtensibilityGlobals) = postSolution
		SolutionGuid = {ED12A542-2164-4A52-AF37-2EB61E1F0C6B}
	EndGlobalSection
EndGlobal
